
Microsoft Visual Studio Solution File, Format Version 12.00
# Visual Studio Version 17
VisualStudioVersion = 17.5.002.0
MinimumVisualStudioVersion = 10.0.40219.1
Project("{9A19103F-16F7-4668-BE54-9A1E7A4F7556}") = "FreelancersAPI", "FreelancersAPI.csproj", "{3608A6E8-BD62-4D14-BC13-DA6A805ACCB5}"
EndProject
Global
	GlobalSection(SolutionConfigurationPlatforms) = preSolution
		Debug|Any CPU = Debug|Any CPU
		Release|Any CPU = Release|Any CPU
	EndGlobalSection
	GlobalSection(ProjectConfigurationPlatforms) = postSolution
		{3608A6E8-BD62-4D14-BC13-DA6A805ACCB5}.Debug|Any CPU.ActiveCfg = Debug|Any CPU
		{3608A6E8-BD62-4D14-BC13-DA6A805ACCB5}.Debug|Any CPU.Build.0 = Debug|Any CPU
		{3608A6E8-BD62-4D14-BC13-DA6A805ACCB5}.Release|Any CPU.ActiveCfg = Release|Any CPU
		{3608A6E8-BD62-4D14-BC13-DA6A805ACCB5}.Release|Any CPU.Build.0 = Release|Any CPU
	EndGlobalSection
	GlobalSection(SolutionProperties) = preSolution
		HideSolutionNode = FALSE
	EndGlobalSection
	GlobalSection(ExtensibilityGlobals) = postSolution
		SolutionGuid = {71A62427-2C85-4C80-AF1C-D24BD11E412A}
	EndGlobalSection
EndGlobal
